// !$*UTF8*$!
{
	archiveVersion = 1;
	classes = {
	};
	objectVersion = 55;
	objects = {

/* Begin PBXBuildFile section */
		A6B7BDAA28C48FC8009865B0 /* GardenAp11App.swift in Sources */ = {isa = PBXBuildFile; fileRef = A6B7BDA928C48FC8009865B0 /* GardenAp11App.swift */; };
		A6B7BDAE28C48FCD009865B0 /* Assets.xcassets in Resources */ = {isa = PBXBuildFile; fileRef = A6B7BDAD28C48FCD009865B0 /* Assets.xcassets */; };
		A6B7BDB128C48FCD009865B0 /* Preview Assets.xcassets in Resources */ = {isa = PBXBuildFile; fileRef = A6B7BDB028C48FCD009865B0 /* Preview Assets.xcassets */; };
		A6B7BDBD28C491B9009865B0 /* Constants.swift in Sources */ = {isa = PBXBuildFile; fileRef = A6B7BDBC28C491B9009865B0 /* Constants.swift */; };
		A6B7BDBF28C4926B009865B0 /* WebService.swift in Sources */ = {isa = PBXBuildFile; fileRef = A6B7BDBE28C4926B009865B0 /* WebService.swift */; };
		A6B7BDC128C49285009865B0 /* Vegetable.swift in Sources */ = {isa = PBXBuildFile; fileRef = A6B7BDC028C49285009865B0 /* Vegetable.swift */; };
		A6B7BDC328C4943D009865B0 /* VegetableListViewModel.swift in Sources */ = {isa = PBXBuildFile; fileRef = A6B7BDC228C4943D009865B0 /* VegetableListViewModel.swift */; };
		A6B7BDC828C4973A009865B0 /* VegetableListScreen.swift in Sources */ = {isa = PBXBuildFile; fileRef = A6B7BDC728C4973A009865B0 /* VegetableListScreen.swift */; };
/* End PBXBuildFile section */

/* Begin PBXFileReference section */
		A6B7BDA628C48FC8009865B0 /* GardenAp11.app */ = {isa = PBXFileReference; explicitFileType = wrapper.application; includeInIndex = 0; path = GardenAp11.app; sourceTree = BUILT_PRODUCTS_DIR; };
		A6B7BDA928C48FC8009865B0 /* GardenAp11App.swift */ = {isa = PBXFileReference; lastKnownFileType = sourcecode.swift; path = GardenAp11App.swift; sourceTree = "<group>"; };
		A6B7BDAD28C48FCD009865B0 /* Assets.xcassets */ = {isa = PBXFileReference; lastKnownFileType = folder.assetcatalog; path = Assets.xcassets; sourceTree = "<group>"; };
		A6B7BDB028C48FCD009865B0 /* Preview Assets.xcassets */ = {isa = PBXFileReference; lastKnownFileType = folder.assetcatalog; path = "Preview Assets.xcassets"; sourceTree = "<group>"; };
		A6B7BDBC28C491B9009865B0 /* Constants.swift */ = {isa = PBXFileReference; lastKnownFileType = sourcecode.swift; path = Constants.swift; sourceTree = "<group>"; };
		A6B7BDBE28C4926B009865B0 /* WebService.swift */ = {isa = PBXFileReference; lastKnownFileType = sourcecode.swift; path = WebService.swift; sourceTree = "<group>"; };
		A6B7BDC028C49285009865B0 /* Vegetable.swift */ = {isa = PBXFileReference; lastKnownFileType = sourcecode.swift; path = Vegetable.swift; sourceTree = "<group>"; };
		A6B7BDC228C4943D009865B0 /* VegetableListViewModel.swift */ = {isa = PBXFileReference; lastKnownFileType = sourcecode.swift; path = VegetableListViewModel.swift; sourceTree = "<group>"; };
		A6B7BDC728C4973A009865B0 /* VegetableListScreen.swift */ = {isa = PBXFileReference; lastKnownFileType = sourcecode.swift; path = VegetableListScreen.swift; sourceTree = "<group>"; };
/* End PBXFileReference section */

/* Begin PBXFrameworksBuildPhase section */
		A6B7BDA328C48FC8009865B0 /* Frameworks */ = {
			isa = PBXFrameworksBuildPhase;
			buildActionMask = 2147483647;
			files = (
			);
			runOnlyForDeploymentPostprocessing = 0;
		};
/* End PBXFrameworksBuildPhase section */

/* Begin PBXGroup section */
		A6B7BD9D28C48FC7009865B0 = {
			isa = PBXGroup;
			children = (
				A6B7BDA828C48FC8009865B0 /* GardenAp11 */,
				A6B7BDA728C48FC8009865B0 /* Products */,
			);
			sourceTree = "<group>";
		};
		A6B7BDA728C48FC8009865B0 /* Products */ = {
			isa = PBXGroup;
			children = (
				A6B7BDA628C48FC8009865B0 /* GardenAp11.app */,
			);
			name = Products;
			sourceTree = "<group>";
		};
		A6B7BDA828C48FC8009865B0 /* GardenAp11 */ = {
			isa = PBXGroup;
			children = (
				A6B7BDC428C496FA009865B0 /* Screens */,
				A6B7BDBB28C4919E009865B0 /* Utils */,
				A6B7BDBA28C49194009865B0 /* ViewModels */,
				A6B7BDB928C49187009865B0 /* Models */,
				A6B7BDB828C49180009865B0 /* Services */,
				A6B7BDA928C48FC8009865B0 /* GardenAp11App.swift */,
				A6B7BDAD28C48FCD009865B0 /* Assets.xcassets */,
				A6B7BDAF28C48FCD009865B0 /* Preview Content */,
			);
			path = GardenAp11;
			sourceTree = "<group>";
		};
		A6B7BDAF28C48FCD009865B0 /* Preview Content */ = {
			isa = PBXGroup;
			children = (
				A6B7BDB028C48FCD009865B0 /* Preview Assets.xcassets */,
			);
			path = "Preview Content";
			sourceTree = "<group>";
		};
		A6B7BDB828C49180009865B0 /* Services */ = {
			isa = PBXGroup;
			children = (
				A6B7BDBE28C4926B009865B0 /* WebService.swift */,
			);
			path = Services;
			sourceTree = "<group>";
		};
		A6B7BDB928C49187009865B0 /* Models */ = {
			isa = PBXGroup;
			children = (
				A6B7BDC028C49285009865B0 /* Vegetable.swift */,
			);
			path = Models;
			sourceTree = "<group>";
		};
		A6B7BDBA28C49194009865B0 /* ViewModels */ = {
			isa = PBXGroup;
			children = (
				A6B7BDC228C4943D009865B0 /* VegetableListViewModel.swift */,
			);
			path = ViewModels;
			sourceTree = "<group>";
		};
		A6B7BDBB28C4919E009865B0 /* Utils */ = {
			isa = PBXGroup;
			children = (
				A6B7BDBC28C491B9009865B0 /* Constants.swift */,
			);
			path = Utils;
			sourceTree = "<group>";
		};
		A6B7BDC428C496FA009865B0 /* Screens */ = {
			isa = PBXGroup;
			children = (
				A6B7BDC728C4973A009865B0 /* VegetableListScreen.swift */,
			);
			path = Screens;
			sourceTree = "<group>";
		};
/* End PBXGroup section */

/* Begin PBXNativeTarget section */
		A6B7BDA528C48FC8009865B0 /* GardenAp11 */ = {
			isa = PBXNativeTarget;
			buildConfigurationList = A6B7BDB428C48FCD009865B0 /* Build configuration list for PBXNativeTarget "GardenAp11" */;
			buildPhases = (
				A6B7BDA228C48FC8009865B0 /* Sources */,
				A6B7BDA328C48FC8009865B0 /* Frameworks */,
				A6B7BDA428C48FC8009865B0 /* Resources */,
			);
			buildRules = (
			);
			dependencies = (
			);
			name = GardenAp11;
			productName = GardenAp11;
			productReference = A6B7BDA628C48FC8009865B0 /* GardenAp11.app */;
			productType = "com.apple.product-type.application";
		};
/* End PBXNativeTarget section */

/* Begin PBXProject section */
		A6B7BD9E28C48FC7009865B0 /* Project object */ = {
			isa = PBXProject;
			attributes = {
				BuildIndependentTargetsInParallel = 1;
				LastSwiftUpdateCheck = 1310;
				LastUpgradeCheck = 1310;
				TargetAttributes = {
					A6B7BDA528C48FC8009865B0 = {
						CreatedOnToolsVersion = 13.1;
					};
				};
			};
			buildConfigurationList = A6B7BDA128C48FC7009865B0 /* Build configuration list for PBXProject "GardenAp11" */;
			compatibilityVersion = "Xcode 13.0";
			developmentRegion = en;
			hasScannedForEncodings = 0;
			knownRegions = (
				en,
				Base,
			);
			mainGroup = A6B7BD9D28C48FC7009865B0;
			productRefGroup = A6B7BDA728C48FC8009865B0 /* Products */;
			projectDirPath = "";
			projectRoot = "";
			targets = (
				A6B7BDA528C48FC8009865B0 /* GardenAp11 */,
			);
		};
/* End PBXProject section */

/* Begin PBXResourcesBuildPhase section */
		A6B7BDA428C48FC8009865B0 /* Resources */ = {
			isa = PBXResourcesBuildPhase;
			buildActionMask = 2147483647;
			files = (
				A6B7BDB128C48FCD009865B0 /* Preview Assets.xcassets in Resources */,
				A6B7BDAE28C48FCD009865B0 /* Assets.xcassets in Resources */,
			);
			runOnlyForDeploymentPostprocessing = 0;
		};
/* End PBXResourcesBuildPhase section */

/* Begin PBXSourcesBuildPhase section */
		A6B7BDA228C48FC8009865B0 /* Sources */ = {
			isa = PBXSourcesBuildPhase;
			buildActionMask = 2147483647;
			files = (
				A6B7BDAA28C48FC8009865B0 /* GardenAp11App.swift in Sources */,
				A6B7BDC828C4973A009865B0 /* VegetableListScreen.swift in Sources */,
				A6B7BDC328C4943D009865B0 /* VegetableListViewModel.swift in Sources */,
				A6B7BDC128C49285009865B0 /* Vegetable.swift in Sources */,
				A6B7BDBF28C4926B009865B0 /* WebService.swift in Sources */,
				A6B7BDBD28C491B9009865B0 /* Constants.swift in Sources */,
			);
			runOnlyForDeploymentPostprocessing = 0;
		};
/* End PBXSourcesBuildPhase section */

/* Begin XCBuildConfiguration section */
		A6B7BDB228C48FCD009865B0 /* Debug */ = {
			isa = XCBuildConfiguration;
			buildSettings = {
				ALWAYS_SEARCH_USER_PATHS = NO;
				CLANG_ANALYZER_NONNULL = YES;
				CLANG_ANALYZER_NUMBER_OBJECT_CONVERSION = YES_AGGRESSIVE;
				CLANG_CXX_LANGUAGE_STANDARD = "gnu++17";
				CLANG_CXX_LIBRARY = "libc++";
				CLANG_ENABLE_MODULES = YES;
				CLANG_ENABLE_OBJC_ARC = YES;
				CLANG_ENABLE_OBJC_WEAK = YES;
				CLANG_WARN_BLOCK_CAPTURE_AUTORELEASING = YES;
				CLANG_WARN_BOOL_CONVERSION = YES;
				CLANG_WARN_COMMA = YES;
				CLANG_WARN_CONSTANT_CONVERSION = YES;
				CLANG_WARN_DEPRECATED_OBJC_IMPLEMENTATIONS = YES;
				CLANG_WARN_DIRECT_OBJC_ISA_USAGE = YES_ERROR;
				CLANG_WARN_DOCUMENTATION_COMMENTS = YES;
				CLANG_WARN_EMPTY_BODY = YES;
				CLANG_WARN_ENUM_CONVERSION = YES;
				CLANG_WARN_INFINITE_RECURSION = YES;
				CLANG_WARN_INT_CONVERSION = YES;
				CLANG_WARN_NON_LITERAL_NULL_CONVERSION = YES;
				CLANG_WARN_OBJC_IMPLICIT_RETAIN_SELF = YES;
				CLANG_WARN_OBJC_LITERAL_CONVERSION = YES;
				CLANG_WARN_OBJC_ROOT_CLASS = YES_ERROR;
				CLANG_WARN_QUOTED_INCLUDE_IN_FRAMEWORK_HEADER = YES;
				CLANG_WARN_RANGE_LOOP_ANALYSIS = YES;
				CLANG_WARN_STRICT_PROTOTYPES = YES;
				CLANG_WARN_SUSPICIOUS_MOVE = YES;
				CLANG_WARN_UNGUARDED_AVAILABILITY = YES_AGGRESSIVE;
				CLANG_WARN_UNREACHABLE_CODE = YES;
				CLANG_WARN__DUPLICATE_METHOD_MATCH = YES;
				COPY_PHASE_STRIP = NO;
				DEBUG_INFORMATION_FORMAT = dwarf;
				ENABLE_STRICT_OBJC_MSGSEND = YES;
				ENABLE_TESTABILITY = YES;
				GCC_C_LANGUAGE_STANDARD = gnu11;
				GCC_DYNAMIC_NO_PIC = NO;
				GCC_NO_COMMON_BLOCKS = YES;
				GCC_OPTIMIZATION_LEVEL = 0;
				GCC_PREPROCESSOR_DEFINITIONS = (
					"DEBUG=1",
					"$(inherited)",
				);
				GCC_WARN_64_TO_32_BIT_CONVERSION = YES;
				GCC_WARN_ABOUT_RETURN_TYPE = YES_ERROR;
				GCC_WARN_UNDECLARED_SELECTOR = YES;
				GCC_WARN_UNINITIALIZED_AUTOS = YES_AGGRESSIVE;
				GCC_WARN_UNUSED_FUNCTION = YES;
				GCC_WARN_UNUSED_VARIABLE = YES;
				IPHONEOS_DEPLOYMENT_TARGET = 15.0;
				MTL_ENABLE_DEBUG_INFO = INCLUDE_SOURCE;
				MTL_FAST_MATH = YES;
				ONLY_ACTIVE_ARCH = YES;
				SDKROOT = iphoneos;
				SWIFT_ACTIVE_COMPILATION_CONDITIONS = DEBUG;
				SWIFT_OPTIMIZATION_LEVEL = "-Onone";
			};
			name = Debug;
		};
		A6B7BDB328C48FCD009865B0 /* Release */ = {
			isa = XCBuildConfiguration;
			buildSettings = {
				ALWAYS_SEARCH_USER_PATHS = NO;
				CLANG_ANALYZER_NONNULL = YES;
				CLANG_ANALYZER_NUMBER_OBJECT_CONVERSION = YES_AGGRESSIVE;
				CLANG_CXX_LANGUAGE_STANDARD = "gnu++17";
				CLANG_CXX_LIBRARY = "libc++";
				CLANG_ENABLE_MODULES = YES;
				CLANG_ENABLE_OBJC_ARC = YES;
				CLANG_ENABLE_OBJC_WEAK = YES;
				CLANG_WARN_BLOCK_CAPTURE_AUTORELEASING = YES;
				CLANG_WARN_BOOL_CONVERSION = YES;
				CLANG_WARN_COMMA = YES;
				CLANG_WARN_CONSTANT_CONVERSION = YES;
				CLANG_WARN_DEPRECATED_OBJC_IMPLEMENTATIONS = YES;
				CLANG_WARN_DIRECT_OBJC_ISA_USAGE = YES_ERROR;
				CLANG_WARN_DOCUMENTATION_COMMENTS = YES;
				CLANG_WARN_EMPTY_BODY = YES;
				CLANG_WARN_ENUM_CONVERSION = YES;
				CLANG_WARN_INFINITE_RECURSION = YES;
				CLANG_WARN_INT_CONVERSION = YES;
				CLANG_WARN_NON_LITERAL_NULL_CONVERSION = YES;
				CLANG_WARN_OBJC_IMPLICIT_RETAIN_SELF = YES;
				CLANG_WARN_OBJC_LITERAL_CONVERSION = YES;
				CLANG_WARN_OBJC_ROOT_CLASS = YES_ERROR;
				CLANG_WARN_QUOTED_INCLUDE_IN_FRAMEWORK_HEADER = YES;
				CLANG_WARN_RANGE_LOOP_ANALYSIS = YES;
				CLANG_WARN_STRICT_PROTOTYPES = YES;
				CLANG_WARN_SUSPICIOUS_MOVE = YES;
				CLANG_WARN_UNGUARDED_AVAILABILITY = YES_AGGRESSIVE;
				CLANG_WARN_UNREACHABLE_CODE = YES;
				CLANG_WARN__DUPLICATE_METHOD_MATCH = YES;
				COPY_PHASE_STRIP = NO;
				DEBUG_INFORMATION_FORMAT = "dwarf-with-dsym";
				ENABLE_NS_ASSERTIONS = NO;
				ENABLE_STRICT_OBJC_MSGSEND = YES;
				GCC_C_LANGUAGE_STANDARD = gnu11;
				GCC_NO_COMMON_BLOCKS = YES;
				GCC_WARN_64_TO_32_BIT_CONVERSION = YES;
				GCC_WARN_ABOUT_RETURN_TYPE = YES_ERROR;
				GCC_WARN_UNDECLARED_SELECTOR = YES;
				GCC_WARN_UNINITIALIZED_AUTOS = YES_AGGRESSIVE;
				GCC_WARN_UNUSED_FUNCTION = YES;
				GCC_WARN_UNUSED_VARIABLE = YES;
				IPHONEOS_DEPLOYMENT_TARGET = 15.0;
				MTL_ENABLE_DEBUG_INFO = NO;
				MTL_FAST_MATH = YES;
				SDKROOT = iphoneos;
				SWIFT_COMPILATION_MODE = wholemodule;
				SWIFT_OPTIMIZATION_LEVEL = "-O";
				VALIDATE_PRODUCT = YES;
			};
			name = Release;
		};
		A6B7BDB528C48FCD009865B0 /* Debug */ = {
			isa = XCBuildConfiguration;
			buildSettings = {
				ASSETCATALOG_COMPILER_APPICON_NAME = AppIcon;
				ASSETCATALOG_COMPILER_GLOBAL_ACCENT_COLOR_NAME = AccentColor;
				CODE_SIGN_STYLE = Automatic;
				CURRENT_PROJECT_VERSION = 1;
				DEVELOPMENT_ASSET_PATHS = "\"GardenAp11/Preview Content\"";
				ENABLE_PREVIEWS = YES;
				GENERATE_INFOPLIST_FILE = YES;
				INFOPLIST_KEY_UIApplicationSceneManifest_Generation = YES;
				INFOPLIST_KEY_UIApplicationSupportsIndirectInputEvents = YES;
				INFOPLIST_KEY_UILaunchScreen_Generation = YES;
				INFOPLIST_KEY_UISupportedInterfaceOrientations_iPad = "UIInterfaceOrientationPortrait UIInterfaceOrientationPortraitUpsideDown UIInterfaceOrientationLandscapeLeft UIInterfaceOrientationLandscapeRight";
				INFOPLIST_KEY_UISupportedInterfaceOrientations_iPhone = "UIInterfaceOrientationPortrait UIInterfaceOrientationLandscapeLeft UIInterfaceOrientationLandscapeRight";
				LD_RUNPATH_SEARCH_PATHS = (
					"$(inherited)",
					"@executable_path/Frameworks",
				);
				MARKETING_VERSION = 1.0;
				PRODUCT_BUNDLE_IDENTIFIER = GardenApp.GardenAp11;
				PRODUCT_NAME = "$(TARGET_NAME)";
				SWIFT_EMIT_LOC_STRINGS = YES;
				SWIFT_VERSION = 5.0;
				TARGETED_DEVICE_FAMILY = "1,2";
			};
			name = Debug;
		};
		A6B7BDB628C48FCD009865B0 /* Release */ = {
			isa = XCBuildConfiguration;
			buildSettings = {
				ASSETCATALOG_COMPILER_APPICON_NAME = AppIcon;
				ASSETCATALOG_COMPILER_GLOBAL_ACCENT_COLOR_NAME = AccentColor;
				CODE_SIGN_STYLE = Automatic;
				CURRENT_PROJECT_VERSION = 1;
				DEVELOPMENT_ASSET_PATHS = "\"GardenAp11/Preview Content\"";
				ENABLE_PREVIEWS = YES;
				GENERATE_INFOPLIST_FILE = YES;
				INFOPLIST_KEY_UIApplicationSceneManifest_Generation = YES;
				INFOPLIST_KEY_UIApplicationSupportsIndirectInputEvents = YES;
				INFOPLIST_KEY_UILaunchScreen_Generation = YES;
				INFOPLIST_KEY_UISupportedInterfaceOrientations_iPad = "UIInterfaceOrientationPortrait UIInterfaceOrientationPortraitUpsideDown UIInterfaceOrientationLandscapeLeft UIInterfaceOrientationLandscapeRight";
				INFOPLIST_KEY_UISupportedInterfaceOrientations_iPhone = "UIInterfaceOrientationPortrait UIInterfaceOrientationLandscapeLeft UIInterfaceOrientationLandscapeRight";
				LD_RUNPATH_SEARCH_PATHS = (
					"$(inherited)",
					"@executable_path/Frameworks",
				);
				MARKETING_VERSION = 1.0;
				PRODUCT_BUNDLE_IDENTIFIER = GardenApp.GardenAp11;
				PRODUCT_NAME = "$(TARGET_NAME)";
				SWIFT_EMIT_LOC_STRINGS = YES;
				SWIFT_VERSION = 5.0;
				TARGETED_DEVICE_FAMILY = "1,2";
			};
			name = Release;
		};
/* End XCBuildConfiguration section */

/* Begin XCConfigurationList section */
		A6B7BDA128C48FC7009865B0 /* Build configuration list for PBXProject "GardenAp11" */ = {
			isa = XCConfigurationList;
			buildConfigurations = (
				A6B7BDB228C48FCD009865B0 /* Debug */,
				A6B7BDB328C48FCD009865B0 /* Release */,
			);
			defaultConfigurationIsVisible = 0;
			defaultConfigurationName = Release;
		};
		A6B7BDB428C48FCD009865B0 /* Build configuration list for PBXNativeTarget "GardenAp11" */ = {
			isa = XCConfigurationList;
			buildConfigurations = (
				A6B7BDB528C48FCD009865B0 /* Debug */,
				A6B7BDB628C48FCD009865B0 /* Release */,
			);
			defaultConfigurationIsVisible = 0;
			defaultConfigurationName = Release;
		};
/* End XCConfigurationList section */
	};
	rootObject = A6B7BD9E28C48FC7009865B0 /* Project object */;
}
